
Microsoft Visual Studio Solution File, Format Version 12.00
# Visual Studio 15
VisualStudioVersion = 15.0.27130.2024
MinimumVisualStudioVersion = 10.0.40219.1
Project("{FAE04EC0-301F-11D3-BF4B-00C04F79EFBC}") = "PassManager", "PassManager\PassManager.csproj", "{02D2065C-9536-4EEC-90A8-9009D5B71168}"
EndProject
Project("{FAE04EC0-301F-11D3-BF4B-00C04F79EFBC}") = "PassManagerTests3", "PassManagerTests3\PassManagerTests3.csproj", "{0B69EDC9-9E85-4691-BB14-CA757924E569}"
EndProject
Global
	GlobalSection(SolutionConfigurationPlatforms) = preSolution
		Debug|Any CPU = Debug|Any CPU
		Release|Any CPU = Release|Any CPU
	EndGlobalSection
	GlobalSection(ProjectConfigurationPlatforms) = postSolution
		{02D2065C-9536-4EEC-90A8-9009D5B71168}.Debug|Any CPU.ActiveCfg = Debug|Any CPU
		{02D2065C-9536-4EEC-90A8-9009D5B71168}.Debug|Any CPU.Build.0 = Debug|Any CPU
		{02D2065C-9536-4EEC-90A8-9009D5B71168}.Release|Any CPU.ActiveCfg = Release|Any CPU
		{02D2065C-9536-4EEC-90A8-9009D5B71168}.Release|Any CPU.Build.0 = Release|Any CPU
		{0B69EDC9-9E85-4691-BB14-CA757924E569}.Debug|Any CPU.ActiveCfg = Debug|Any CPU
		{0B69EDC9-9E85-4691-BB14-CA757924E569}.Debug|Any CPU.Build.0 = Debug|Any CPU
		{0B69EDC9-9E85-4691-BB14-CA757924E569}.Release|Any CPU.ActiveCfg = Release|Any CPU
		{0B69EDC9-9E85-4691-BB14-CA757924E569}.Release|Any CPU.Build.0 = Release|Any CPU
	EndGlobalSection
	GlobalSection(SolutionProperties) = preSolution
		HideSolutionNode = FALSE
	EndGlobalSection
	GlobalSection(ExtensibilityGlobals) = postSolution
		SolutionGuid = {278A94EB-9CD1-4769-AA08-1A8305330E86}
	EndGlobalSection
EndGlobal
